
Microsoft Visual Studio Solution File, Format Version 12.00
# Visual Studio Version 17
VisualStudioVersion = 17.9.34607.119
MinimumVisualStudioVersion = 10.0.40219.1
Project("{FAE04EC0-301F-11D3-BF4B-00C04F79EFBC}") = "insure-fixlast", "insure-fixlast\insure-fixlast.csproj", "{3C4E46AF-FE18-4DC0-93BF-2735E09A882C}"
EndProject
Global
	GlobalSection(SolutionConfigurationPlatforms) = preSolution
		Debug|Any CPU = Debug|Any CPU
		Release|Any CPU = Release|Any CPU
	EndGlobalSection
	GlobalSection(ProjectConfigurationPlatforms) = postSolution
		{3C4E46AF-FE18-4DC0-93BF-2735E09A882C}.Debug|Any CPU.ActiveCfg = Debug|Any CPU
		{3C4E46AF-FE18-4DC0-93BF-2735E09A882C}.Debug|Any CPU.Build.0 = Debug|Any CPU
		{3C4E46AF-FE18-4DC0-93BF-2735E09A882C}.Release|Any CPU.ActiveCfg = Release|Any CPU
		{3C4E46AF-FE18-4DC0-93BF-2735E09A882C}.Release|Any CPU.Build.0 = Release|Any CPU
	EndGlobalSection
	GlobalSection(SolutionProperties) = preSolution
		HideSolutionNode = FALSE
	EndGlobalSection
	GlobalSection(ExtensibilityGlobals) = postSolution
		SolutionGuid = {CF0FA9DC-BF9C-48E3-864B-D23473C36C61}
	EndGlobalSection
EndGlobal
